PODS:
  - clipboard_monitor (0.9.3):
    - Flutter
  - Flutter (1.0.0)

DEPENDENCIES:
  - clipboard_monitor (from `.symlinks/plugins/clipboard_monitor/ios`)
  - Flutter (from `Flutter`)

EXTERNAL SOURCES:
  clipboard_monitor:
    :path: ".symlinks/plugins/clipboard_monitor/ios"
  Flutter:
    :path: Flutter

SPEC CHECKSUMS:
  clipboard_monitor: c3e2cc1b30c0484066add8c4dc4e8594c81bd401
  Flutter: cabc95a1d2626b1b06e7179b784ebcf0c0cde467

PODFILE CHECKSUM: d2243213672c3c48aae53c36642ba411a6be7309

COCOAPODS: 1.16.2
